
Microsoft Visual Studio Solution File, Format Version 12.00
# Visual Studio Version 16
VisualStudioVersion = 16.0.30011.22
MinimumVisualStudioVersion = 10.0.40219.1
Project("{FAE04EC0-301F-11D3-BF4B-00C04F79EFBC}") = "SimpleSystem", "SimpleSystem\SimpleSystem.csproj", "{FA89A9FB-DA3F-4F0D-8C32-E392BBB1FA14}"
EndProject
Project("{FAE04EC0-301F-11D3-BF4B-00C04F79EFBC}") = "Tests", "Test\Tests.csproj", "{A1CBC3EA-C285-4B9C-B3FB-FFDAFFD011FD}"
EndProject
Global
	GlobalSection(SolutionConfigurationPlatforms) = preSolution
		Debug|Any CPU = Debug|Any CPU
		Release|Any CPU = Release|Any CPU
	EndGlobalSection
	GlobalSection(ProjectConfigurationPlatforms) = postSolution
		{FA89A9FB-DA3F-4F0D-8C32-E392BBB1FA14}.Debug|Any CPU.ActiveCfg = Debug|Any CPU
		{FA89A9FB-DA3F-4F0D-8C32-E392BBB1FA14}.Debug|Any CPU.Build.0 = Debug|Any CPU
		{FA89A9FB-DA3F-4F0D-8C32-E392BBB1FA14}.Release|Any CPU.ActiveCfg = Release|Any CPU
		{FA89A9FB-DA3F-4F0D-8C32-E392BBB1FA14}.Release|Any CPU.Build.0 = Release|Any CPU
		{A1CBC3EA-C285-4B9C-B3FB-FFDAFFD011FD}.Debug|Any CPU.ActiveCfg = Debug|Any CPU
		{A1CBC3EA-C285-4B9C-B3FB-FFDAFFD011FD}.Debug|Any CPU.Build.0 = Debug|Any CPU
		{A1CBC3EA-C285-4B9C-B3FB-FFDAFFD011FD}.Release|Any CPU.ActiveCfg = Release|Any CPU
		{A1CBC3EA-C285-4B9C-B3FB-FFDAFFD011FD}.Release|Any CPU.Build.0 = Release|Any CPU
	EndGlobalSection
	GlobalSection(SolutionProperties) = preSolution
		HideSolutionNode = FALSE
	EndGlobalSection
	GlobalSection(ExtensibilityGlobals) = postSolution
		SolutionGuid = {009335CD-3D7E-45A2-AF3F-0D80488432E0}
	EndGlobalSection
EndGlobal
